
Microsoft Visual Studio Solution File, Format Version 12.00
# Visual Studio 15
VisualStudioVersion = 15.0.27130.2027
MinimumVisualStudioVersion = 10.0.40219.1
Project("{8BC9CEB8-8B4A-11D0-8D11-00A0C91BC942}") = "8.0.0", "8.0.0\8.0.0.vcxproj", "{63AC06A9-6419-4710-B189-ADEC77BF5364}"
EndProject
Project("{8BC9CEB8-8B4A-11D0-8D11-00A0C91BC942}") = "8.0.1", "8.0.1\8.0.1.vcxproj", "{506269A5-2AC9-4835-A5A0-ACA5239C0E97}"
EndProject
Project("{8BC9CEB8-8B4A-11D0-8D11-00A0C91BC942}") = "8.1", "8.1\8.1.vcxproj", "{C19A847B-8BE7-4560-9E3A-5FF21CB9C0D5}"
EndProject
Project("{8BC9CEB8-8B4A-11D0-8D11-00A0C91BC942}") = "8.2", "8.2\8.2.vcxproj", "{1B5ABA10-7EDF-4F5C-BAD7-4E1EACA5C03C}"
EndProject
Project("{8BC9CEB8-8B4A-11D0-8D11-00A0C91BC942}") = "8.3", "8.3\8.3.vcxproj", "{F78F486A-2C5A-4503-A604-1B4DF8CAED1B}"
EndProject
Project("{8BC9CEB8-8B4A-11D0-8D11-00A0C91BC942}") = "8.4", "8.4\8.4.vcxproj", "{E7774CA6-9668-4B5D-BE1D-49825FC54C57}"
EndProject
Project("{8BC9CEB8-8B4A-11D0-8D11-00A0C91BC942}") = "8.5.0", "8.5.0\8.5.0.vcxproj", "{F568E556-D63F-4A95-A871-DDFBF7D16109}"
EndProject
Project("{8BC9CEB8-8B4A-11D0-8D11-00A0C91BC942}") = "8.5.1", "8.5.1\8.5.1.vcxproj", "{13A982A2-96A9-44FD-9B41-B56E1F325C31}"
EndProject
Global
	GlobalSection(SolutionConfigurationPlatforms) = preSolution
		Debug|x64 = Debug|x64
		Debug|x86 = Debug|x86
		Release|x64 = Release|x64
		Release|x86 = Release|x86
	EndGlobalSection
	GlobalSection(ProjectConfigurationPlatforms) = postSolution
		{63AC06A9-6419-4710-B189-ADEC77BF5364}.Debug|x64.ActiveCfg = Debug|x64
		{63AC06A9-6419-4710-B189-ADEC77BF5364}.Debug|x64.Build.0 = Debug|x64
		{63AC06A9-6419-4710-B189-ADEC77BF5364}.Debug|x86.ActiveCfg = Debug|Win32
		{63AC06A9-6419-4710-B189-ADEC77BF5364}.Debug|x86.Build.0 = Debug|Win32
		{63AC06A9-6419-4710-B189-ADEC77BF5364}.Release|x64.ActiveCfg = Release|x64
		{63AC06A9-6419-4710-B189-ADEC77BF5364}.Release|x64.Build.0 = Release|x64
		{63AC06A9-6419-4710-B189-ADEC77BF5364}.Release|x86.ActiveCfg = Release|Win32
		{63AC06A9-6419-4710-B189-ADEC77BF5364}.Release|x86.Build.0 = Release|Win32
		{506269A5-2AC9-4835-A5A0-ACA5239C0E97}.Debug|x64.ActiveCfg = Debug|x64
		{506269A5-2AC9-4835-A5A0-ACA5239C0E97}.Debug|x64.Build.0 = Debug|x64
		{506269A5-2AC9-4835-A5A0-ACA5239C0E97}.Debug|x86.ActiveCfg = Debug|Win32
		{506269A5-2AC9-4835-A5A0-ACA5239C0E97}.Debug|x86.Build.0 = Debug|Win32
		{506269A5-2AC9-4835-A5A0-ACA5239C0E97}.Release|x64.ActiveCfg = Release|x64
		{506269A5-2AC9-4835-A5A0-ACA5239C0E97}.Release|x64.Build.0 = Release|x64
		{506269A5-2AC9-4835-A5A0-ACA5239C0E97}.Release|x86.ActiveCfg = Release|Win32
		{506269A5-2AC9-4835-A5A0-ACA5239C0E97}.Release|x86.Build.0 = Release|Win32
		{C19A847B-8BE7-4560-9E3A-5FF21CB9C0D5}.Debug|x64.ActiveCfg = Debug|x64
		{C19A847B-8BE7-4560-9E3A-5FF21CB9C0D5}.Debug|x64.Build.0 = Debug|x64
		{C19A847B-8BE7-4560-9E3A-5FF21CB9C0D5}.Debug|x86.ActiveCfg = Debug|Win32
		{C19A847B-8BE7-4560-9E3A-5FF21CB9C0D5}.Debug|x86.Build.0 = Debug|Win32
		{C19A847B-8BE7-4560-9E3A-5FF21CB9C0D5}.Release|x64.ActiveCfg = Release|x64
		{C19A847B-8BE7-4560-9E3A-5FF21CB9C0D5}.Release|x64.Build.0 = Release|x64
		{C19A847B-8BE7-4560-9E3A-5FF21CB9C0D5}.Release|x86.ActiveCfg = Release|Win32
		{C19A847B-8BE7-4560-9E3A-5FF21CB9C0D5}.Release|x86.Build.0 = Release|Win32
		{1B5ABA10-7EDF-4F5C-BAD7-4E1EACA5C03C}.Debug|x64.ActiveCfg = Debug|x64
		{1B5ABA10-7EDF-4F5C-BAD7-4E1EACA5C03C}.Debug|x64.Build.0 = Debug|x64
		{1B5ABA10-7EDF-4F5C-BAD7-4E1EACA5C03C}.Debug|x86.ActiveCfg = Debug|Win32
		{1B5ABA10-7EDF-4F5C-BAD7-4E1EACA5C03C}.Debug|x86.Build.0 = Debug|Win32
		{1B5ABA10-7EDF-4F5C-BAD7-4E1EACA5C03C}.Release|x64.ActiveCfg = Release|x64
		{1B5ABA10-7EDF-4F5C-BAD7-4E1EACA5C03C}.Release|x64.Build.0 = Release|x64
		{1B5ABA10-7EDF-4F5C-BAD7-4E1EACA5C03C}.Release|x86.ActiveCfg = Release|Win32
		{1B5ABA10-7EDF-4F5C-BAD7-4E1EACA5C03C}.Release|x86.Build.0 = Release|Win32
		{F78F486A-2C5A-4503-A604-1B4DF8CAED1B}.Debug|x64.ActiveCfg = Debug|x64
		{F78F486A-2C5A-4503-A604-1B4DF8CAED1B}.Debug|x64.Build.0 = Debug|x64
		{F78F486A-2C5A-4503-A604-1B4DF8CAED1B}.Debug|x86.ActiveCfg = Debug|Win32
		{F78F486A-2C5A-4503-A604-1B4DF8CAED1B}.Debug|x86.Build.0 = Debug|Win32
		{F78F486A-2C5A-4503-A604-1B4DF8CAED1B}.Release|x64.ActiveCfg = Release|x64
		{F78F486A-2C5A-4503-A604-1B4DF8CAED1B}.Release|x64.Build.0 = Release|x64
		{F78F486A-2C5A-4503-A604-1B4DF8CAED1B}.Release|x86.ActiveCfg = Release|Win32
		{F78F486A-2C5A-4503-A604-1B4DF8CAED1B}.Release|x86.Build.0 = Release|Win32
		{E7774CA6-9668-4B5D-BE1D-49825FC54C57}.Debug|x64.ActiveCfg = Debug|x64
		{E7774CA6-9668-4B5D-BE1D-49825FC54C57}.Debug|x64.Build.0 = Debug|x64
		{E7774CA6-9668-4B5D-BE1D-49825FC54C57}.Debug|x86.ActiveCfg = Debug|Win32
		{E7774CA6-9668-4B5D-BE1D-49825FC54C57}.Debug|x86.Build.0 = Debug|Win32
		{E7774CA6-9668-4B5D-BE1D-49825FC54C57}.Release|x64.ActiveCfg = Release|x64
		{E7774CA6-9668-4B5D-BE1D-49825FC54C57}.Release|x64.Build.0 = Release|x64
		{E7774CA6-9668-4B5D-BE1D-49825FC54C57}.Release|x86.ActiveCfg = Release|Win32
		{E7774CA6-9668-4B5D-BE1D-49825FC54C57}.Release|x86.Build.0 = Release|Win32
		{F568E556-D63F-4A95-A871-DDFBF7D16109}.Debug|x64.ActiveCfg = Debug|x64
		{F568E556-D63F-4A95-A871-DDFBF7D16109}.Debug|x64.Build.0 = Debug|x64
		{F568E556-D63F-4A95-A871-DDFBF7D16109}.Debug|x86.ActiveCfg = Debug|Win32
		{F568E556-D63F-4A95-A871-DDFBF7D16109}.Debug|x86.Build.0 = Debug|Win32
		{F568E556-D63F-4A95-A871-DDFBF7D16109}.Release|x64.ActiveCfg = Release|x64
		{F568E556-D63F-4A95-A871-DDFBF7D16109}.Release|x64.Build.0 = Release|x64
		{F568E556-D63F-4A95-A871-DDFBF7D16109}.Release|x86.ActiveCfg = Release|Win32
		{F568E556-D63F-4A95-A871-DDFBF7D16109}.Release|x86.Build.0 = Release|Win32
		{13A982A2-96A9-44FD-9B41-B56E1F325C31}.Debug|x64.ActiveCfg = Debug|x64
		{13A982A2-96A9-44FD-9B41-B56E1F325C31}.Debug|x64.Build.0 = Debug|x64
		{13A982A2-96A9-44FD-9B41-B56E1F325C31}.Debug|x86.ActiveCfg = Debug|Win32
		{13A982A2-96A9-44FD-9B41-B56E1F325C31}.Debug|x86.Build.0 = Debug|Win32
		{13A982A2-96A9-44FD-9B41-B56E1F325C31}.Release|x64.ActiveCfg = Release|x64
		{13A982A2-96A9-44FD-9B41-B56E1F325C31}.Release|x64.Build.0 = Release|x64
		{13A982A2-96A9-44FD-9B41-B56E1F325C31}.Release|x86.ActiveCfg = Release|Win32
		{13A982A2-96A9-44FD-9B41-B56E1F325C31}.Release|x86.Build.0 = Release|Win32
	EndGlobalSection
	GlobalSection(SolutionProperties) = preSolution
		HideSolutionNode = FALSE
	EndGlobalSection
	GlobalSection(ExtensibilityGlobals) = postSolution
		SolutionGuid = {5F8B2E89-608C-4309-A232-A390AF9F29FA}
	EndGlobalSection
EndGlobal
