
Microsoft Visual Studio Solution File, Format Version 12.00
# Visual Studio 15
VisualStudioVersion = 15.0.27130.2027
MinimumVisualStudioVersion = 10.0.40219.1
Project("{8BC9CEB8-8B4A-11D0-8D11-00A0C91BC942}") = "2.0", "2.0\2.0.vcxproj", "{9C20AD4A-D82D-4C52-B92D-A2256DDDA456}"
EndProject
Project("{8BC9CEB8-8B4A-11D0-8D11-00A0C91BC942}") = "2.1", "2.1\2.1.vcxproj", "{A5865576-ED80-4DAB-B1B0-5DC305A02AFD}"
EndProject
Project("{8BC9CEB8-8B4A-11D0-8D11-00A0C91BC942}") = "2.2", "2.2\2.2.vcxproj", "{AFA91885-2097-497C-B0EA-47A73BD26BDB}"
EndProject
Project("{8BC9CEB8-8B4A-11D0-8D11-00A0C91BC942}") = "2.3", "2.3\2.3.vcxproj", "{FADA7893-DE69-4683-9C95-69DC4D6DBCF2}"
EndProject
Project("{8BC9CEB8-8B4A-11D0-8D11-00A0C91BC942}") = "2.4", "2.4\2.4.vcxproj", "{4162D2A9-C4CA-43D0-9F43-09385CA6EE17}"
EndProject
Project("{8BC9CEB8-8B4A-11D0-8D11-00A0C91BC942}") = "2.5", "2.5\2.5.vcxproj", "{27BB2E3B-1859-4281-AF60-5059018AC22C}"
EndProject
Project("{8BC9CEB8-8B4A-11D0-8D11-00A0C91BC942}") = "2.7", "2.7\2.7.vcxproj", "{F81D6388-AFFB-48C5-B9BF-31955CF64033}"
EndProject
Project("{8BC9CEB8-8B4A-11D0-8D11-00A0C91BC942}") = "2.8", "2.8\2.8.vcxproj", "{5D61FCC4-3667-4E44-9BDC-C4F5FCF4D3CF}"
EndProject
Project("{8BC9CEB8-8B4A-11D0-8D11-00A0C91BC942}") = "2.9", "2.9\2.9.vcxproj", "{FC35E73E-BB61-4B1E-B833-C2FD97D49BB0}"
EndProject
Global
	GlobalSection(SolutionConfigurationPlatforms) = preSolution
		Debug|x64 = Debug|x64
		Debug|x86 = Debug|x86
		Release|x64 = Release|x64
		Release|x86 = Release|x86
	EndGlobalSection
	GlobalSection(ProjectConfigurationPlatforms) = postSolution
		{9C20AD4A-D82D-4C52-B92D-A2256DDDA456}.Debug|x64.ActiveCfg = Debug|x64
		{9C20AD4A-D82D-4C52-B92D-A2256DDDA456}.Debug|x64.Build.0 = Debug|x64
		{9C20AD4A-D82D-4C52-B92D-A2256DDDA456}.Debug|x86.ActiveCfg = Debug|Win32
		{9C20AD4A-D82D-4C52-B92D-A2256DDDA456}.Debug|x86.Build.0 = Debug|Win32
		{9C20AD4A-D82D-4C52-B92D-A2256DDDA456}.Release|x64.ActiveCfg = Release|x64
		{9C20AD4A-D82D-4C52-B92D-A2256DDDA456}.Release|x64.Build.0 = Release|x64
		{9C20AD4A-D82D-4C52-B92D-A2256DDDA456}.Release|x86.ActiveCfg = Release|Win32
		{9C20AD4A-D82D-4C52-B92D-A2256DDDA456}.Release|x86.Build.0 = Release|Win32
		{A5865576-ED80-4DAB-B1B0-5DC305A02AFD}.Debug|x64.ActiveCfg = Debug|x64
		{A5865576-ED80-4DAB-B1B0-5DC305A02AFD}.Debug|x64.Build.0 = Debug|x64
		{A5865576-ED80-4DAB-B1B0-5DC305A02AFD}.Debug|x86.ActiveCfg = Debug|Win32
		{A5865576-ED80-4DAB-B1B0-5DC305A02AFD}.Debug|x86.Build.0 = Debug|Win32
		{A5865576-ED80-4DAB-B1B0-5DC305A02AFD}.Release|x64.ActiveCfg = Release|x64
		{A5865576-ED80-4DAB-B1B0-5DC305A02AFD}.Release|x64.Build.0 = Release|x64
		{A5865576-ED80-4DAB-B1B0-5DC305A02AFD}.Release|x86.ActiveCfg = Release|Win32
		{A5865576-ED80-4DAB-B1B0-5DC305A02AFD}.Release|x86.Build.0 = Release|Win32
		{AFA91885-2097-497C-B0EA-47A73BD26BDB}.Debug|x64.ActiveCfg = Debug|x64
		{AFA91885-2097-497C-B0EA-47A73BD26BDB}.Debug|x64.Build.0 = Debug|x64
		{AFA91885-2097-497C-B0EA-47A73BD26BDB}.Debug|x86.ActiveCfg = Debug|Win32
		{AFA91885-2097-497C-B0EA-47A73BD26BDB}.Debug|x86.Build.0 = Debug|Win32
		{AFA91885-2097-497C-B0EA-47A73BD26BDB}.Release|x64.ActiveCfg = Release|x64
		{AFA91885-2097-497C-B0EA-47A73BD26BDB}.Release|x64.Build.0 = Release|x64
		{AFA91885-2097-497C-B0EA-47A73BD26BDB}.Release|x86.ActiveCfg = Release|Win32
		{AFA91885-2097-497C-B0EA-47A73BD26BDB}.Release|x86.Build.0 = Release|Win32
		{FADA7893-DE69-4683-9C95-69DC4D6DBCF2}.Debug|x64.ActiveCfg = Debug|x64
		{FADA7893-DE69-4683-9C95-69DC4D6DBCF2}.Debug|x64.Build.0 = Debug|x64
		{FADA7893-DE69-4683-9C95-69DC4D6DBCF2}.Debug|x86.ActiveCfg = Debug|Win32
		{FADA7893-DE69-4683-9C95-69DC4D6DBCF2}.Debug|x86.Build.0 = Debug|Win32
		{FADA7893-DE69-4683-9C95-69DC4D6DBCF2}.Release|x64.ActiveCfg = Release|x64
		{FADA7893-DE69-4683-9C95-69DC4D6DBCF2}.Release|x64.Build.0 = Release|x64
		{FADA7893-DE69-4683-9C95-69DC4D6DBCF2}.Release|x86.ActiveCfg = Release|Win32
		{FADA7893-DE69-4683-9C95-69DC4D6DBCF2}.Release|x86.Build.0 = Release|Win32
		{4162D2A9-C4CA-43D0-9F43-09385CA6EE17}.Debug|x64.ActiveCfg = Debug|x64
		{4162D2A9-C4CA-43D0-9F43-09385CA6EE17}.Debug|x64.Build.0 = Debug|x64
		{4162D2A9-C4CA-43D0-9F43-09385CA6EE17}.Debug|x86.ActiveCfg = Debug|Win32
		{4162D2A9-C4CA-43D0-9F43-09385CA6EE17}.Debug|x86.Build.0 = Debug|Win32
		{4162D2A9-C4CA-43D0-9F43-09385CA6EE17}.Release|x64.ActiveCfg = Release|x64
		{4162D2A9-C4CA-43D0-9F43-09385CA6EE17}.Release|x64.Build.0 = Release|x64
		{4162D2A9-C4CA-43D0-9F43-09385CA6EE17}.Release|x86.ActiveCfg = Release|Win32
		{4162D2A9-C4CA-43D0-9F43-09385CA6EE17}.Release|x86.Build.0 = Release|Win32
		{27BB2E3B-1859-4281-AF60-5059018AC22C}.Debug|x64.ActiveCfg = Debug|x64
		{27BB2E3B-1859-4281-AF60-5059018AC22C}.Debug|x64.Build.0 = Debug|x64
		{27BB2E3B-1859-4281-AF60-5059018AC22C}.Debug|x86.ActiveCfg = Debug|Win32
		{27BB2E3B-1859-4281-AF60-5059018AC22C}.Debug|x86.Build.0 = Debug|Win32
		{27BB2E3B-1859-4281-AF60-5059018AC22C}.Release|x64.ActiveCfg = Release|x64
		{27BB2E3B-1859-4281-AF60-5059018AC22C}.Release|x64.Build.0 = Release|x64
		{27BB2E3B-1859-4281-AF60-5059018AC22C}.Release|x86.ActiveCfg = Release|Win32
		{27BB2E3B-1859-4281-AF60-5059018AC22C}.Release|x86.Build.0 = Release|Win32
		{F81D6388-AFFB-48C5-B9BF-31955CF64033}.Debug|x64.ActiveCfg = Debug|x64
		{F81D6388-AFFB-48C5-B9BF-31955CF64033}.Debug|x64.Build.0 = Debug|x64
		{F81D6388-AFFB-48C5-B9BF-31955CF64033}.Debug|x86.ActiveCfg = Debug|Win32
		{F81D6388-AFFB-48C5-B9BF-31955CF64033}.Debug|x86.Build.0 = Debug|Win32
		{F81D6388-AFFB-48C5-B9BF-31955CF64033}.Release|x64.ActiveCfg = Release|x64
		{F81D6388-AFFB-48C5-B9BF-31955CF64033}.Release|x64.Build.0 = Release|x64
		{F81D6388-AFFB-48C5-B9BF-31955CF64033}.Release|x86.ActiveCfg = Release|Win32
		{F81D6388-AFFB-48C5-B9BF-31955CF64033}.Release|x86.Build.0 = Release|Win32
		{5D61FCC4-3667-4E44-9BDC-C4F5FCF4D3CF}.Debug|x64.ActiveCfg = Debug|x64
		{5D61FCC4-3667-4E44-9BDC-C4F5FCF4D3CF}.Debug|x64.Build.0 = Debug|x64
		{5D61FCC4-3667-4E44-9BDC-C4F5FCF4D3CF}.Debug|x86.ActiveCfg = Debug|Win32
		{5D61FCC4-3667-4E44-9BDC-C4F5FCF4D3CF}.Debug|x86.Build.0 = Debug|Win32
		{5D61FCC4-3667-4E44-9BDC-C4F5FCF4D3CF}.Release|x64.ActiveCfg = Release|x64
		{5D61FCC4-3667-4E44-9BDC-C4F5FCF4D3CF}.Release|x64.Build.0 = Release|x64
		{5D61FCC4-3667-4E44-9BDC-C4F5FCF4D3CF}.Release|x86.ActiveCfg = Release|Win32
		{5D61FCC4-3667-4E44-9BDC-C4F5FCF4D3CF}.Release|x86.Build.0 = Release|Win32
		{FC35E73E-BB61-4B1E-B833-C2FD97D49BB0}.Debug|x64.ActiveCfg = Debug|x64
		{FC35E73E-BB61-4B1E-B833-C2FD97D49BB0}.Debug|x64.Build.0 = Debug|x64
		{FC35E73E-BB61-4B1E-B833-C2FD97D49BB0}.Debug|x86.ActiveCfg = Debug|Win32
		{FC35E73E-BB61-4B1E-B833-C2FD97D49BB0}.Debug|x86.Build.0 = Debug|Win32
		{FC35E73E-BB61-4B1E-B833-C2FD97D49BB0}.Release|x64.ActiveCfg = Release|x64
		{FC35E73E-BB61-4B1E-B833-C2FD97D49BB0}.Release|x64.Build.0 = Release|x64
		{FC35E73E-BB61-4B1E-B833-C2FD97D49BB0}.Release|x86.ActiveCfg = Release|Win32
		{FC35E73E-BB61-4B1E-B833-C2FD97D49BB0}.Release|x86.Build.0 = Release|Win32
	EndGlobalSection
	GlobalSection(SolutionProperties) = preSolution
		HideSolutionNode = FALSE
	EndGlobalSection
	GlobalSection(ExtensibilityGlobals) = postSolution
		SolutionGuid = {71F3EFC2-B7AF-479E-AA6E-E8C2D09C44DD}
	EndGlobalSection
EndGlobal
