
Microsoft Visual Studio Solution File, Format Version 12.00
# Visual Studio 15
VisualStudioVersion = 15.0.27130.2027
MinimumVisualStudioVersion = 10.0.40219.1
Project("{8BC9CEB8-8B4A-11D0-8D11-00A0C91BC942}") = "10.0.0", "10.0.0\10.0.0.vcxproj", "{B5827122-4BA8-4B4E-AF46-4827F3F4E8D1}"
EndProject
Project("{8BC9CEB8-8B4A-11D0-8D11-00A0C91BC942}") = "10.0.1", "10.0.1\10.0.1.vcxproj", "{49AA75BD-E8DE-4BFA-8157-DD8E5B7E3755}"
EndProject
Project("{8BC9CEB8-8B4A-11D0-8D11-00A0C91BC942}") = "10.0.2", "10.0.2\10.0.2.vcxproj", "{04F85EFA-173C-4500-A0EB-0F71E5D85C8D}"
EndProject
Project("{8BC9CEB8-8B4A-11D0-8D11-00A0C91BC942}") = "10.0.3", "10.0.3\10.0.3.vcxproj", "{E9A5C04A-C976-46E2-955B-03D283441265}"
EndProject
Project("{8BC9CEB8-8B4A-11D0-8D11-00A0C91BC942}") = "10.0.4", "10.0.4\10.0.4.vcxproj", "{018BC7C6-7722-4D5E-B853-DB5D50D120E0}"
EndProject
Project("{8BC9CEB8-8B4A-11D0-8D11-00A0C91BC942}") = "10.1", "10.1\10.1.vcxproj", "{5B7B887E-F883-4F9C-B405-C075786486CA}"
EndProject
Project("{8BC9CEB8-8B4A-11D0-8D11-00A0C91BC942}") = "10.2", "10.2\10.2.vcxproj", "{152FB30D-F778-4FEB-A835-CC80EDEEF2BD}"
EndProject
Project("{8BC9CEB8-8B4A-11D0-8D11-00A0C91BC942}") = "10.3", "10.3\10.3.vcxproj", "{646FE826-3180-4051-A98C-8A0DEF3B4181}"
EndProject
Project("{8BC9CEB8-8B4A-11D0-8D11-00A0C91BC942}") = "10.6", "10.6\10.6.vcxproj", "{452BF1B5-FD6E-4969-B624-99FFF06428C9}"
EndProject
Global
	GlobalSection(SolutionConfigurationPlatforms) = preSolution
		Debug|x64 = Debug|x64
		Debug|x86 = Debug|x86
		Release|x64 = Release|x64
		Release|x86 = Release|x86
	EndGlobalSection
	GlobalSection(ProjectConfigurationPlatforms) = postSolution
		{B5827122-4BA8-4B4E-AF46-4827F3F4E8D1}.Debug|x64.ActiveCfg = Debug|x64
		{B5827122-4BA8-4B4E-AF46-4827F3F4E8D1}.Debug|x64.Build.0 = Debug|x64
		{B5827122-4BA8-4B4E-AF46-4827F3F4E8D1}.Debug|x86.ActiveCfg = Debug|Win32
		{B5827122-4BA8-4B4E-AF46-4827F3F4E8D1}.Debug|x86.Build.0 = Debug|Win32
		{B5827122-4BA8-4B4E-AF46-4827F3F4E8D1}.Release|x64.ActiveCfg = Release|x64
		{B5827122-4BA8-4B4E-AF46-4827F3F4E8D1}.Release|x64.Build.0 = Release|x64
		{B5827122-4BA8-4B4E-AF46-4827F3F4E8D1}.Release|x86.ActiveCfg = Release|Win32
		{B5827122-4BA8-4B4E-AF46-4827F3F4E8D1}.Release|x86.Build.0 = Release|Win32
		{49AA75BD-E8DE-4BFA-8157-DD8E5B7E3755}.Debug|x64.ActiveCfg = Debug|x64
		{49AA75BD-E8DE-4BFA-8157-DD8E5B7E3755}.Debug|x64.Build.0 = Debug|x64
		{49AA75BD-E8DE-4BFA-8157-DD8E5B7E3755}.Debug|x86.ActiveCfg = Debug|Win32
		{49AA75BD-E8DE-4BFA-8157-DD8E5B7E3755}.Debug|x86.Build.0 = Debug|Win32
		{49AA75BD-E8DE-4BFA-8157-DD8E5B7E3755}.Release|x64.ActiveCfg = Release|x64
		{49AA75BD-E8DE-4BFA-8157-DD8E5B7E3755}.Release|x64.Build.0 = Release|x64
		{49AA75BD-E8DE-4BFA-8157-DD8E5B7E3755}.Release|x86.ActiveCfg = Release|Win32
		{49AA75BD-E8DE-4BFA-8157-DD8E5B7E3755}.Release|x86.Build.0 = Release|Win32
		{04F85EFA-173C-4500-A0EB-0F71E5D85C8D}.Debug|x64.ActiveCfg = Debug|x64
		{04F85EFA-173C-4500-A0EB-0F71E5D85C8D}.Debug|x64.Build.0 = Debug|x64
		{04F85EFA-173C-4500-A0EB-0F71E5D85C8D}.Debug|x86.ActiveCfg = Debug|Win32
		{04F85EFA-173C-4500-A0EB-0F71E5D85C8D}.Debug|x86.Build.0 = Debug|Win32
		{04F85EFA-173C-4500-A0EB-0F71E5D85C8D}.Release|x64.ActiveCfg = Release|x64
		{04F85EFA-173C-4500-A0EB-0F71E5D85C8D}.Release|x64.Build.0 = Release|x64
		{04F85EFA-173C-4500-A0EB-0F71E5D85C8D}.Release|x86.ActiveCfg = Release|Win32
		{04F85EFA-173C-4500-A0EB-0F71E5D85C8D}.Release|x86.Build.0 = Release|Win32
		{E9A5C04A-C976-46E2-955B-03D283441265}.Debug|x64.ActiveCfg = Debug|x64
		{E9A5C04A-C976-46E2-955B-03D283441265}.Debug|x64.Build.0 = Debug|x64
		{E9A5C04A-C976-46E2-955B-03D283441265}.Debug|x86.ActiveCfg = Debug|Win32
		{E9A5C04A-C976-46E2-955B-03D283441265}.Debug|x86.Build.0 = Debug|Win32
		{E9A5C04A-C976-46E2-955B-03D283441265}.Release|x64.ActiveCfg = Release|x64
		{E9A5C04A-C976-46E2-955B-03D283441265}.Release|x64.Build.0 = Release|x64
		{E9A5C04A-C976-46E2-955B-03D283441265}.Release|x86.ActiveCfg = Release|Win32
		{E9A5C04A-C976-46E2-955B-03D283441265}.Release|x86.Build.0 = Release|Win32
		{018BC7C6-7722-4D5E-B853-DB5D50D120E0}.Debug|x64.ActiveCfg = Debug|x64
		{018BC7C6-7722-4D5E-B853-DB5D50D120E0}.Debug|x64.Build.0 = Debug|x64
		{018BC7C6-7722-4D5E-B853-DB5D50D120E0}.Debug|x86.ActiveCfg = Debug|Win32
		{018BC7C6-7722-4D5E-B853-DB5D50D120E0}.Debug|x86.Build.0 = Debug|Win32
		{018BC7C6-7722-4D5E-B853-DB5D50D120E0}.Release|x64.ActiveCfg = Release|x64
		{018BC7C6-7722-4D5E-B853-DB5D50D120E0}.Release|x64.Build.0 = Release|x64
		{018BC7C6-7722-4D5E-B853-DB5D50D120E0}.Release|x86.ActiveCfg = Release|Win32
		{018BC7C6-7722-4D5E-B853-DB5D50D120E0}.Release|x86.Build.0 = Release|Win32
		{5B7B887E-F883-4F9C-B405-C075786486CA}.Debug|x64.ActiveCfg = Debug|x64
		{5B7B887E-F883-4F9C-B405-C075786486CA}.Debug|x64.Build.0 = Debug|x64
		{5B7B887E-F883-4F9C-B405-C075786486CA}.Debug|x86.ActiveCfg = Debug|Win32
		{5B7B887E-F883-4F9C-B405-C075786486CA}.Debug|x86.Build.0 = Debug|Win32
		{5B7B887E-F883-4F9C-B405-C075786486CA}.Release|x64.ActiveCfg = Release|x64
		{5B7B887E-F883-4F9C-B405-C075786486CA}.Release|x64.Build.0 = Release|x64
		{5B7B887E-F883-4F9C-B405-C075786486CA}.Release|x86.ActiveCfg = Release|Win32
		{5B7B887E-F883-4F9C-B405-C075786486CA}.Release|x86.Build.0 = Release|Win32
		{152FB30D-F778-4FEB-A835-CC80EDEEF2BD}.Debug|x64.ActiveCfg = Debug|x64
		{152FB30D-F778-4FEB-A835-CC80EDEEF2BD}.Debug|x64.Build.0 = Debug|x64
		{152FB30D-F778-4FEB-A835-CC80EDEEF2BD}.Debug|x86.ActiveCfg = Debug|Win32
		{152FB30D-F778-4FEB-A835-CC80EDEEF2BD}.Debug|x86.Build.0 = Debug|Win32
		{152FB30D-F778-4FEB-A835-CC80EDEEF2BD}.Release|x64.ActiveCfg = Release|x64
		{152FB30D-F778-4FEB-A835-CC80EDEEF2BD}.Release|x64.Build.0 = Release|x64
		{152FB30D-F778-4FEB-A835-CC80EDEEF2BD}.Release|x86.ActiveCfg = Release|Win32
		{152FB30D-F778-4FEB-A835-CC80EDEEF2BD}.Release|x86.Build.0 = Release|Win32
		{646FE826-3180-4051-A98C-8A0DEF3B4181}.Debug|x64.ActiveCfg = Debug|x64
		{646FE826-3180-4051-A98C-8A0DEF3B4181}.Debug|x64.Build.0 = Debug|x64
		{646FE826-3180-4051-A98C-8A0DEF3B4181}.Debug|x86.ActiveCfg = Debug|Win32
		{646FE826-3180-4051-A98C-8A0DEF3B4181}.Debug|x86.Build.0 = Debug|Win32
		{646FE826-3180-4051-A98C-8A0DEF3B4181}.Release|x64.ActiveCfg = Release|x64
		{646FE826-3180-4051-A98C-8A0DEF3B4181}.Release|x64.Build.0 = Release|x64
		{646FE826-3180-4051-A98C-8A0DEF3B4181}.Release|x86.ActiveCfg = Release|Win32
		{646FE826-3180-4051-A98C-8A0DEF3B4181}.Release|x86.Build.0 = Release|Win32
		{452BF1B5-FD6E-4969-B624-99FFF06428C9}.Debug|x64.ActiveCfg = Debug|x64
		{452BF1B5-FD6E-4969-B624-99FFF06428C9}.Debug|x64.Build.0 = Debug|x64
		{452BF1B5-FD6E-4969-B624-99FFF06428C9}.Debug|x86.ActiveCfg = Debug|Win32
		{452BF1B5-FD6E-4969-B624-99FFF06428C9}.Debug|x86.Build.0 = Debug|Win32
		{452BF1B5-FD6E-4969-B624-99FFF06428C9}.Release|x64.ActiveCfg = Release|x64
		{452BF1B5-FD6E-4969-B624-99FFF06428C9}.Release|x64.Build.0 = Release|x64
		{452BF1B5-FD6E-4969-B624-99FFF06428C9}.Release|x86.ActiveCfg = Release|Win32
		{452BF1B5-FD6E-4969-B624-99FFF06428C9}.Release|x86.Build.0 = Release|Win32
	EndGlobalSection
	GlobalSection(SolutionProperties) = preSolution
		HideSolutionNode = FALSE
	EndGlobalSection
	GlobalSection(ExtensibilityGlobals) = postSolution
		SolutionGuid = {B1B5C9DF-BE13-4C69-9F37-3A2E97D18AF0}
	EndGlobalSection
EndGlobal
