
Microsoft Visual Studio Solution File, Format Version 12.00
# Visual Studio 15
VisualStudioVersion = 15.0.27130.2027
MinimumVisualStudioVersion = 10.0.40219.1
Project("{8BC9CEB8-8B4A-11D0-8D11-00A0C91BC942}") = "5.0.0", "5.0.0\5.0.0.vcxproj", "{3B2E1914-0E4A-4429-94E4-8AFFD000E78A}"
EndProject
Project("{8BC9CEB8-8B4A-11D0-8D11-00A0C91BC942}") = "5.0.1", "5.0.1\5.0.1.vcxproj", "{40A9842A-27AA-476D-8641-40B3AEFE4DD4}"
EndProject
Project("{8BC9CEB8-8B4A-11D0-8D11-00A0C91BC942}") = "5.1", "5.1\5.1.vcxproj", "{3499CED4-E7C2-4E85-9F47-1EBF30034114}"
EndProject
Project("{8BC9CEB8-8B4A-11D0-8D11-00A0C91BC942}") = "5.2", "5.2\5.2.vcxproj", "{4877BD1A-5214-4234-BB57-6D02BE6B474E}"
EndProject
Project("{8BC9CEB8-8B4A-11D0-8D11-00A0C91BC942}") = "5.3", "5.3\5.3.vcxproj", "{3E355AEE-E168-4CF5-8C4D-8A4AF234840D}"
EndProject
Project("{8BC9CEB8-8B4A-11D0-8D11-00A0C91BC942}") = "5.5", "5.5\5.5.vcxproj", "{9127BB4F-3C60-4733-813C-CACE588C16C5}"
EndProject
Project("{8BC9CEB8-8B4A-11D0-8D11-00A0C91BC942}") = "5.6", "5.6\5.6.vcxproj", "{6B3AA854-6316-44AA-99C5-316391AE5ACF}"
EndProject
Project("{8BC9CEB8-8B4A-11D0-8D11-00A0C91BC942}") = "5.9", "5.9\5.9.vcxproj", "{87CB2993-4948-4780-90D4-29FB8873555E}"
EndProject
Project("{8BC9CEB8-8B4A-11D0-8D11-00A0C91BC942}") = "5.10", "5.10\5.10.vcxproj", "{743164E3-7907-4C52-B301-EE5247C2BFC7}"
EndProject
Project("{8BC9CEB8-8B4A-11D0-8D11-00A0C91BC942}") = "5.11", "5.11\5.11.vcxproj", "{DCD8421D-F8B0-430D-8690-3EACE7EF5CCC}"
EndProject
Global
	GlobalSection(SolutionConfigurationPlatforms) = preSolution
		Debug|x64 = Debug|x64
		Debug|x86 = Debug|x86
		Release|x64 = Release|x64
		Release|x86 = Release|x86
	EndGlobalSection
	GlobalSection(ProjectConfigurationPlatforms) = postSolution
		{3B2E1914-0E4A-4429-94E4-8AFFD000E78A}.Debug|x64.ActiveCfg = Debug|x64
		{3B2E1914-0E4A-4429-94E4-8AFFD000E78A}.Debug|x64.Build.0 = Debug|x64
		{3B2E1914-0E4A-4429-94E4-8AFFD000E78A}.Debug|x86.ActiveCfg = Debug|Win32
		{3B2E1914-0E4A-4429-94E4-8AFFD000E78A}.Debug|x86.Build.0 = Debug|Win32
		{3B2E1914-0E4A-4429-94E4-8AFFD000E78A}.Release|x64.ActiveCfg = Release|x64
		{3B2E1914-0E4A-4429-94E4-8AFFD000E78A}.Release|x64.Build.0 = Release|x64
		{3B2E1914-0E4A-4429-94E4-8AFFD000E78A}.Release|x86.ActiveCfg = Release|Win32
		{3B2E1914-0E4A-4429-94E4-8AFFD000E78A}.Release|x86.Build.0 = Release|Win32
		{40A9842A-27AA-476D-8641-40B3AEFE4DD4}.Debug|x64.ActiveCfg = Debug|x64
		{40A9842A-27AA-476D-8641-40B3AEFE4DD4}.Debug|x64.Build.0 = Debug|x64
		{40A9842A-27AA-476D-8641-40B3AEFE4DD4}.Debug|x86.ActiveCfg = Debug|Win32
		{40A9842A-27AA-476D-8641-40B3AEFE4DD4}.Debug|x86.Build.0 = Debug|Win32
		{40A9842A-27AA-476D-8641-40B3AEFE4DD4}.Release|x64.ActiveCfg = Release|x64
		{40A9842A-27AA-476D-8641-40B3AEFE4DD4}.Release|x64.Build.0 = Release|x64
		{40A9842A-27AA-476D-8641-40B3AEFE4DD4}.Release|x86.ActiveCfg = Release|Win32
		{40A9842A-27AA-476D-8641-40B3AEFE4DD4}.Release|x86.Build.0 = Release|Win32
		{3499CED4-E7C2-4E85-9F47-1EBF30034114}.Debug|x64.ActiveCfg = Debug|x64
		{3499CED4-E7C2-4E85-9F47-1EBF30034114}.Debug|x64.Build.0 = Debug|x64
		{3499CED4-E7C2-4E85-9F47-1EBF30034114}.Debug|x86.ActiveCfg = Debug|Win32
		{3499CED4-E7C2-4E85-9F47-1EBF30034114}.Debug|x86.Build.0 = Debug|Win32
		{3499CED4-E7C2-4E85-9F47-1EBF30034114}.Release|x64.ActiveCfg = Release|x64
		{3499CED4-E7C2-4E85-9F47-1EBF30034114}.Release|x64.Build.0 = Release|x64
		{3499CED4-E7C2-4E85-9F47-1EBF30034114}.Release|x86.ActiveCfg = Release|Win32
		{3499CED4-E7C2-4E85-9F47-1EBF30034114}.Release|x86.Build.0 = Release|Win32
		{4877BD1A-5214-4234-BB57-6D02BE6B474E}.Debug|x64.ActiveCfg = Debug|x64
		{4877BD1A-5214-4234-BB57-6D02BE6B474E}.Debug|x64.Build.0 = Debug|x64
		{4877BD1A-5214-4234-BB57-6D02BE6B474E}.Debug|x86.ActiveCfg = Debug|Win32
		{4877BD1A-5214-4234-BB57-6D02BE6B474E}.Debug|x86.Build.0 = Debug|Win32
		{4877BD1A-5214-4234-BB57-6D02BE6B474E}.Release|x64.ActiveCfg = Release|x64
		{4877BD1A-5214-4234-BB57-6D02BE6B474E}.Release|x64.Build.0 = Release|x64
		{4877BD1A-5214-4234-BB57-6D02BE6B474E}.Release|x86.ActiveCfg = Release|Win32
		{4877BD1A-5214-4234-BB57-6D02BE6B474E}.Release|x86.Build.0 = Release|Win32
		{3E355AEE-E168-4CF5-8C4D-8A4AF234840D}.Debug|x64.ActiveCfg = Debug|x64
		{3E355AEE-E168-4CF5-8C4D-8A4AF234840D}.Debug|x64.Build.0 = Debug|x64
		{3E355AEE-E168-4CF5-8C4D-8A4AF234840D}.Debug|x86.ActiveCfg = Debug|Win32
		{3E355AEE-E168-4CF5-8C4D-8A4AF234840D}.Debug|x86.Build.0 = Debug|Win32
		{3E355AEE-E168-4CF5-8C4D-8A4AF234840D}.Release|x64.ActiveCfg = Release|x64
		{3E355AEE-E168-4CF5-8C4D-8A4AF234840D}.Release|x64.Build.0 = Release|x64
		{3E355AEE-E168-4CF5-8C4D-8A4AF234840D}.Release|x86.ActiveCfg = Release|Win32
		{3E355AEE-E168-4CF5-8C4D-8A4AF234840D}.Release|x86.Build.0 = Release|Win32
		{9127BB4F-3C60-4733-813C-CACE588C16C5}.Debug|x64.ActiveCfg = Debug|x64
		{9127BB4F-3C60-4733-813C-CACE588C16C5}.Debug|x64.Build.0 = Debug|x64
		{9127BB4F-3C60-4733-813C-CACE588C16C5}.Debug|x86.ActiveCfg = Debug|Win32
		{9127BB4F-3C60-4733-813C-CACE588C16C5}.Debug|x86.Build.0 = Debug|Win32
		{9127BB4F-3C60-4733-813C-CACE588C16C5}.Release|x64.ActiveCfg = Release|x64
		{9127BB4F-3C60-4733-813C-CACE588C16C5}.Release|x64.Build.0 = Release|x64
		{9127BB4F-3C60-4733-813C-CACE588C16C5}.Release|x86.ActiveCfg = Release|Win32
		{9127BB4F-3C60-4733-813C-CACE588C16C5}.Release|x86.Build.0 = Release|Win32
		{6B3AA854-6316-44AA-99C5-316391AE5ACF}.Debug|x64.ActiveCfg = Debug|x64
		{6B3AA854-6316-44AA-99C5-316391AE5ACF}.Debug|x64.Build.0 = Debug|x64
		{6B3AA854-6316-44AA-99C5-316391AE5ACF}.Debug|x86.ActiveCfg = Debug|Win32
		{6B3AA854-6316-44AA-99C5-316391AE5ACF}.Debug|x86.Build.0 = Debug|Win32
		{6B3AA854-6316-44AA-99C5-316391AE5ACF}.Release|x64.ActiveCfg = Release|x64
		{6B3AA854-6316-44AA-99C5-316391AE5ACF}.Release|x64.Build.0 = Release|x64
		{6B3AA854-6316-44AA-99C5-316391AE5ACF}.Release|x86.ActiveCfg = Release|Win32
		{6B3AA854-6316-44AA-99C5-316391AE5ACF}.Release|x86.Build.0 = Release|Win32
		{87CB2993-4948-4780-90D4-29FB8873555E}.Debug|x64.ActiveCfg = Debug|x64
		{87CB2993-4948-4780-90D4-29FB8873555E}.Debug|x64.Build.0 = Debug|x64
		{87CB2993-4948-4780-90D4-29FB8873555E}.Debug|x86.ActiveCfg = Debug|Win32
		{87CB2993-4948-4780-90D4-29FB8873555E}.Debug|x86.Build.0 = Debug|Win32
		{87CB2993-4948-4780-90D4-29FB8873555E}.Release|x64.ActiveCfg = Release|x64
		{87CB2993-4948-4780-90D4-29FB8873555E}.Release|x64.Build.0 = Release|x64
		{87CB2993-4948-4780-90D4-29FB8873555E}.Release|x86.ActiveCfg = Release|Win32
		{87CB2993-4948-4780-90D4-29FB8873555E}.Release|x86.Build.0 = Release|Win32
		{743164E3-7907-4C52-B301-EE5247C2BFC7}.Debug|x64.ActiveCfg = Debug|x64
		{743164E3-7907-4C52-B301-EE5247C2BFC7}.Debug|x64.Build.0 = Debug|x64
		{743164E3-7907-4C52-B301-EE5247C2BFC7}.Debug|x86.ActiveCfg = Debug|Win32
		{743164E3-7907-4C52-B301-EE5247C2BFC7}.Debug|x86.Build.0 = Debug|Win32
		{743164E3-7907-4C52-B301-EE5247C2BFC7}.Release|x64.ActiveCfg = Release|x64
		{743164E3-7907-4C52-B301-EE5247C2BFC7}.Release|x64.Build.0 = Release|x64
		{743164E3-7907-4C52-B301-EE5247C2BFC7}.Release|x86.ActiveCfg = Release|Win32
		{743164E3-7907-4C52-B301-EE5247C2BFC7}.Release|x86.Build.0 = Release|Win32
		{DCD8421D-F8B0-430D-8690-3EACE7EF5CCC}.Debug|x64.ActiveCfg = Debug|x64
		{DCD8421D-F8B0-430D-8690-3EACE7EF5CCC}.Debug|x64.Build.0 = Debug|x64
		{DCD8421D-F8B0-430D-8690-3EACE7EF5CCC}.Debug|x86.ActiveCfg = Debug|Win32
		{DCD8421D-F8B0-430D-8690-3EACE7EF5CCC}.Debug|x86.Build.0 = Debug|Win32
		{DCD8421D-F8B0-430D-8690-3EACE7EF5CCC}.Release|x64.ActiveCfg = Release|x64
		{DCD8421D-F8B0-430D-8690-3EACE7EF5CCC}.Release|x64.Build.0 = Release|x64
		{DCD8421D-F8B0-430D-8690-3EACE7EF5CCC}.Release|x86.ActiveCfg = Release|Win32
		{DCD8421D-F8B0-430D-8690-3EACE7EF5CCC}.Release|x86.Build.0 = Release|Win32
	EndGlobalSection
	GlobalSection(SolutionProperties) = preSolution
		HideSolutionNode = FALSE
	EndGlobalSection
	GlobalSection(ExtensibilityGlobals) = postSolution
		SolutionGuid = {9E41CF3F-88FF-4D20-B379-F674CE2E9059}
	EndGlobalSection
EndGlobal
